
Microsoft Visual Studio Solution File, Format Version 12.00
# Visual Studio Version 17
VisualStudioVersion = 17.4.33213.308
MinimumVisualStudioVersion = 10.0.40219.1
Project("{FAE04EC0-301F-11D3-BF4B-00C04F79EFBC}") = "AuthenticationStudy.App", "AuthenticationStudy.App\AuthenticationStudy.App.csproj", "{68E48E97-7FED-4F45-B4D0-0098B67DC493}"
EndProject
Global
	GlobalSection(SolutionConfigurationPlatforms) = preSolution
		Debug|Any CPU = Debug|Any CPU
		Release|Any CPU = Release|Any CPU
	EndGlobalSection
	GlobalSection(ProjectConfigurationPlatforms) = postSolution
		{68E48E97-7FED-4F45-B4D0-0098B67DC493}.Debug|Any CPU.ActiveCfg = Debug|Any CPU
		{68E48E97-7FED-4F45-B4D0-0098B67DC493}.Debug|Any CPU.Build.0 = Debug|Any CPU
		{68E48E97-7FED-4F45-B4D0-0098B67DC493}.Release|Any CPU.ActiveCfg = Release|Any CPU
		{68E48E97-7FED-4F45-B4D0-0098B67DC493}.Release|Any CPU.Build.0 = Release|Any CPU
	EndGlobalSection
	GlobalSection(SolutionProperties) = preSolution
		HideSolutionNode = FALSE
	EndGlobalSection
	GlobalSection(ExtensibilityGlobals) = postSolution
		SolutionGuid = {2AA16AAD-1AE2-4DF9-BE34-995DD9F89D1D}
	EndGlobalSection
EndGlobal
